
Microsoft Visual Studio Solution File, Format Version 12.00
# Visual Studio Version 16
VisualStudioVersion = 16.0.30225.117
MinimumVisualStudioVersion = 10.0.40219.1
Project("{FAE04EC0-301F-11D3-BF4B-00C04F79EFBC}") = "Task1", "Task1\Task1.csproj", "{724F6364-9630-4447-9207-0C8A9FC7BACC}"
EndProject
Global
	GlobalSection(SolutionConfigurationPlatforms) = preSolution
		Debug|Any CPU = Debug|Any CPU
		Release|Any CPU = Release|Any CPU
	EndGlobalSection
	GlobalSection(ProjectConfigurationPlatforms) = postSolution
		{724F6364-9630-4447-9207-0C8A9FC7BACC}.Debug|Any CPU.ActiveCfg = Debug|Any CPU
		{724F6364-9630-4447-9207-0C8A9FC7BACC}.Debug|Any CPU.Build.0 = Debug|Any CPU
		{724F6364-9630-4447-9207-0C8A9FC7BACC}.Release|Any CPU.ActiveCfg = Release|Any CPU
		{724F6364-9630-4447-9207-0C8A9FC7BACC}.Release|Any CPU.Build.0 = Release|Any CPU
	EndGlobalSection
	GlobalSection(SolutionProperties) = preSolution
		HideSolutionNode = FALSE
	EndGlobalSection
	GlobalSection(ExtensibilityGlobals) = postSolution
		SolutionGuid = {CF5222B3-5CA5-4D89-B5ED-E97C231BB200}
	EndGlobalSection
EndGlobal
